
Microsoft Visual Studio Solution File, Format Version 12.00
# Visual Studio Version 16
VisualStudioVersion = 16.0.30413.136
MinimumVisualStudioVersion = 10.0.40219.1
Project("{FAE04EC0-301F-11D3-BF4B-00C04F79EFBC}") = "SumRootToLeaf", "SumRootToLeaf.csproj", "{29873AB4-C76C-4342-A9BD-0D360BBD6696}"
EndProject
Global
	GlobalSection(SolutionConfigurationPlatforms) = preSolution
		Debug|Any CPU = Debug|Any CPU
		Release|Any CPU = Release|Any CPU
	EndGlobalSection
	GlobalSection(ProjectConfigurationPlatforms) = postSolution
		{29873AB4-C76C-4342-A9BD-0D360BBD6696}.Debug|Any CPU.ActiveCfg = Debug|Any CPU
		{29873AB4-C76C-4342-A9BD-0D360BBD6696}.Debug|Any CPU.Build.0 = Debug|Any CPU
		{29873AB4-C76C-4342-A9BD-0D360BBD6696}.Release|Any CPU.ActiveCfg = Release|Any CPU
		{29873AB4-C76C-4342-A9BD-0D360BBD6696}.Release|Any CPU.Build.0 = Release|Any CPU
	EndGlobalSection
	GlobalSection(SolutionProperties) = preSolution
		HideSolutionNode = FALSE
	EndGlobalSection
	GlobalSection(ExtensibilityGlobals) = postSolution
		SolutionGuid = {54A0D0AB-CA56-4796-B4D5-52EB5D2438CF}
	EndGlobalSection
EndGlobal
