
Microsoft Visual Studio Solution File, Format Version 12.00
# Visual Studio Version 16
VisualStudioVersion = 16.0.30320.27
MinimumVisualStudioVersion = 10.0.40219.1
Project("{FAE04EC0-301F-11D3-BF4B-00C04F79EFBC}") = "ValidSudoku", "ValidSudoku.csproj", "{8ACD935E-A14C-4673-960E-BF8CA49FEF01}"
EndProject
Global
	GlobalSection(SolutionConfigurationPlatforms) = preSolution
		Debug|Any CPU = Debug|Any CPU
		Release|Any CPU = Release|Any CPU
	EndGlobalSection
	GlobalSection(ProjectConfigurationPlatforms) = postSolution
		{8ACD935E-A14C-4673-960E-BF8CA49FEF01}.Debug|Any CPU.ActiveCfg = Debug|Any CPU
		{8ACD935E-A14C-4673-960E-BF8CA49FEF01}.Debug|Any CPU.Build.0 = Debug|Any CPU
		{8ACD935E-A14C-4673-960E-BF8CA49FEF01}.Release|Any CPU.ActiveCfg = Release|Any CPU
		{8ACD935E-A14C-4673-960E-BF8CA49FEF01}.Release|Any CPU.Build.0 = Release|Any CPU
	EndGlobalSection
	GlobalSection(SolutionProperties) = preSolution
		HideSolutionNode = FALSE
	EndGlobalSection
	GlobalSection(ExtensibilityGlobals) = postSolution
		SolutionGuid = {6945E1DB-F005-40B7-B2DF-F62340D925EB}
	EndGlobalSection
EndGlobal
