
Microsoft Visual Studio Solution File, Format Version 12.00
# Visual Studio Version 16
VisualStudioVersion = 16.0.30330.147
MinimumVisualStudioVersion = 10.0.40219.1
Project("{FAE04EC0-301F-11D3-BF4B-00C04F79EFBC}") = "4SumII", "4SumII.csproj", "{17B9FDC6-9D2B-4FE7-A4B6-883A734E667A}"
EndProject
Global
	GlobalSection(SolutionConfigurationPlatforms) = preSolution
		Debug|Any CPU = Debug|Any CPU
		Release|Any CPU = Release|Any CPU
	EndGlobalSection
	GlobalSection(ProjectConfigurationPlatforms) = postSolution
		{17B9FDC6-9D2B-4FE7-A4B6-883A734E667A}.Debug|Any CPU.ActiveCfg = Debug|Any CPU
		{17B9FDC6-9D2B-4FE7-A4B6-883A734E667A}.Debug|Any CPU.Build.0 = Debug|Any CPU
		{17B9FDC6-9D2B-4FE7-A4B6-883A734E667A}.Release|Any CPU.ActiveCfg = Release|Any CPU
		{17B9FDC6-9D2B-4FE7-A4B6-883A734E667A}.Release|Any CPU.Build.0 = Release|Any CPU
	EndGlobalSection
	GlobalSection(SolutionProperties) = preSolution
		HideSolutionNode = FALSE
	EndGlobalSection
	GlobalSection(ExtensibilityGlobals) = postSolution
		SolutionGuid = {CD456CB2-4C6A-4C63-A2A4-56893573A8E5}
	EndGlobalSection
EndGlobal
