
Microsoft Visual Studio Solution File, Format Version 12.00
# Visual Studio Version 16
VisualStudioVersion = 16.0.30413.136
MinimumVisualStudioVersion = 10.0.40219.1
Project("{FAE04EC0-301F-11D3-BF4B-00C04F79EFBC}") = "NumberOfIslands", "NumberOfIslands.csproj", "{7783C3E5-1F71-47B2-BED9-1A24F6454AB6}"
EndProject
Global
	GlobalSection(SolutionConfigurationPlatforms) = preSolution
		Debug|Any CPU = Debug|Any CPU
		Release|Any CPU = Release|Any CPU
	EndGlobalSection
	GlobalSection(ProjectConfigurationPlatforms) = postSolution
		{7783C3E5-1F71-47B2-BED9-1A24F6454AB6}.Debug|Any CPU.ActiveCfg = Debug|Any CPU
		{7783C3E5-1F71-47B2-BED9-1A24F6454AB6}.Debug|Any CPU.Build.0 = Debug|Any CPU
		{7783C3E5-1F71-47B2-BED9-1A24F6454AB6}.Release|Any CPU.ActiveCfg = Release|Any CPU
		{7783C3E5-1F71-47B2-BED9-1A24F6454AB6}.Release|Any CPU.Build.0 = Release|Any CPU
	EndGlobalSection
	GlobalSection(SolutionProperties) = preSolution
		HideSolutionNode = FALSE
	EndGlobalSection
	GlobalSection(ExtensibilityGlobals) = postSolution
		SolutionGuid = {F8C5660E-B9DC-4496-9A4C-6E2DE72042DF}
	EndGlobalSection
EndGlobal
