
Microsoft Visual Studio Solution File, Format Version 12.00
# Visual Studio Version 16
VisualStudioVersion = 16.0.30413.136
MinimumVisualStudioVersion = 10.0.40219.1
Project("{FAE04EC0-301F-11D3-BF4B-00C04F79EFBC}") = "SurroundedRegions", "SurroundedRegions.csproj", "{F3ADB31E-65EF-4574-94BF-CAAD9450C22C}"
EndProject
Global
	GlobalSection(SolutionConfigurationPlatforms) = preSolution
		Debug|Any CPU = Debug|Any CPU
		Release|Any CPU = Release|Any CPU
	EndGlobalSection
	GlobalSection(ProjectConfigurationPlatforms) = postSolution
		{F3ADB31E-65EF-4574-94BF-CAAD9450C22C}.Debug|Any CPU.ActiveCfg = Debug|Any CPU
		{F3ADB31E-65EF-4574-94BF-CAAD9450C22C}.Debug|Any CPU.Build.0 = Debug|Any CPU
		{F3ADB31E-65EF-4574-94BF-CAAD9450C22C}.Release|Any CPU.ActiveCfg = Release|Any CPU
		{F3ADB31E-65EF-4574-94BF-CAAD9450C22C}.Release|Any CPU.Build.0 = Release|Any CPU
	EndGlobalSection
	GlobalSection(SolutionProperties) = preSolution
		HideSolutionNode = FALSE
	EndGlobalSection
	GlobalSection(ExtensibilityGlobals) = postSolution
		SolutionGuid = {6CB38623-7A10-41D5-B4ED-715551E8DBA7}
	EndGlobalSection
EndGlobal
