
Microsoft Visual Studio Solution File, Format Version 12.00
# Visual Studio Version 16
VisualStudioVersion = 16.0.30320.27
MinimumVisualStudioVersion = 10.0.40219.1
Project("{FAE04EC0-301F-11D3-BF4B-00C04F79EFBC}") = "GroupAnagrams", "GroupAnagrams.csproj", "{FAC49980-924A-4974-BA0F-1AA21C33943E}"
EndProject
Global
	GlobalSection(SolutionConfigurationPlatforms) = preSolution
		Debug|Any CPU = Debug|Any CPU
		Release|Any CPU = Release|Any CPU
	EndGlobalSection
	GlobalSection(ProjectConfigurationPlatforms) = postSolution
		{FAC49980-924A-4974-BA0F-1AA21C33943E}.Debug|Any CPU.ActiveCfg = Debug|Any CPU
		{FAC49980-924A-4974-BA0F-1AA21C33943E}.Debug|Any CPU.Build.0 = Debug|Any CPU
		{FAC49980-924A-4974-BA0F-1AA21C33943E}.Release|Any CPU.ActiveCfg = Release|Any CPU
		{FAC49980-924A-4974-BA0F-1AA21C33943E}.Release|Any CPU.Build.0 = Release|Any CPU
	EndGlobalSection
	GlobalSection(SolutionProperties) = preSolution
		HideSolutionNode = FALSE
	EndGlobalSection
	GlobalSection(ExtensibilityGlobals) = postSolution
		SolutionGuid = {946F6B15-1F70-4B76-8D4E-C4B6EC906FD0}
	EndGlobalSection
EndGlobal
