
Microsoft Visual Studio Solution File, Format Version 12.00
# Visual Studio Version 16
VisualStudioVersion = 16.0.30320.27
MinimumVisualStudioVersion = 10.0.40219.1
Project("{FAE04EC0-301F-11D3-BF4B-00C04F79EFBC}") = "MinimumIndexSum", "MinimumIndexSum.csproj", "{EC3C6076-83F3-41A2-8AC0-C0080373BA5E}"
EndProject
Global
	GlobalSection(SolutionConfigurationPlatforms) = preSolution
		Debug|Any CPU = Debug|Any CPU
		Release|Any CPU = Release|Any CPU
	EndGlobalSection
	GlobalSection(ProjectConfigurationPlatforms) = postSolution
		{EC3C6076-83F3-41A2-8AC0-C0080373BA5E}.Debug|Any CPU.ActiveCfg = Debug|Any CPU
		{EC3C6076-83F3-41A2-8AC0-C0080373BA5E}.Debug|Any CPU.Build.0 = Debug|Any CPU
		{EC3C6076-83F3-41A2-8AC0-C0080373BA5E}.Release|Any CPU.ActiveCfg = Release|Any CPU
		{EC3C6076-83F3-41A2-8AC0-C0080373BA5E}.Release|Any CPU.Build.0 = Release|Any CPU
	EndGlobalSection
	GlobalSection(SolutionProperties) = preSolution
		HideSolutionNode = FALSE
	EndGlobalSection
	GlobalSection(ExtensibilityGlobals) = postSolution
		SolutionGuid = {30B529C7-68D0-4554-B436-1B2CE2FC719D}
	EndGlobalSection
EndGlobal
