
Microsoft Visual Studio Solution File, Format Version 12.00
# Visual Studio Version 16
VisualStudioVersion = 16.0.30320.27
MinimumVisualStudioVersion = 10.0.40219.1
Project("{FAE04EC0-301F-11D3-BF4B-00C04F79EFBC}") = "NaryTreePreOrder", "NaryTreePreOrder.csproj", "{438ABC5E-723D-4CAA-91B5-61253F7B9CA4}"
EndProject
Global
	GlobalSection(SolutionConfigurationPlatforms) = preSolution
		Debug|Any CPU = Debug|Any CPU
		Release|Any CPU = Release|Any CPU
	EndGlobalSection
	GlobalSection(ProjectConfigurationPlatforms) = postSolution
		{438ABC5E-723D-4CAA-91B5-61253F7B9CA4}.Debug|Any CPU.ActiveCfg = Debug|Any CPU
		{438ABC5E-723D-4CAA-91B5-61253F7B9CA4}.Debug|Any CPU.Build.0 = Debug|Any CPU
		{438ABC5E-723D-4CAA-91B5-61253F7B9CA4}.Release|Any CPU.ActiveCfg = Release|Any CPU
		{438ABC5E-723D-4CAA-91B5-61253F7B9CA4}.Release|Any CPU.Build.0 = Release|Any CPU
	EndGlobalSection
	GlobalSection(SolutionProperties) = preSolution
		HideSolutionNode = FALSE
	EndGlobalSection
	GlobalSection(ExtensibilityGlobals) = postSolution
		SolutionGuid = {712172F2-2E1D-43D4-8FAD-C7D17E6F5EC5}
	EndGlobalSection
EndGlobal
