
Microsoft Visual Studio Solution File, Format Version 12.00
# Visual Studio Version 16
VisualStudioVersion = 16.0.30413.136
MinimumVisualStudioVersion = 10.0.40219.1
Project("{FAE04EC0-301F-11D3-BF4B-00C04F79EFBC}") = "KClosestPointsToOrigin", "KClosestPointsToOrigin.csproj", "{10A69405-AF08-4C19-93C8-920B7282EEA5}"
EndProject
Global
	GlobalSection(SolutionConfigurationPlatforms) = preSolution
		Debug|Any CPU = Debug|Any CPU
		Release|Any CPU = Release|Any CPU
	EndGlobalSection
	GlobalSection(ProjectConfigurationPlatforms) = postSolution
		{10A69405-AF08-4C19-93C8-920B7282EEA5}.Debug|Any CPU.ActiveCfg = Debug|Any CPU
		{10A69405-AF08-4C19-93C8-920B7282EEA5}.Debug|Any CPU.Build.0 = Debug|Any CPU
		{10A69405-AF08-4C19-93C8-920B7282EEA5}.Release|Any CPU.ActiveCfg = Release|Any CPU
		{10A69405-AF08-4C19-93C8-920B7282EEA5}.Release|Any CPU.Build.0 = Release|Any CPU
	EndGlobalSection
	GlobalSection(SolutionProperties) = preSolution
		HideSolutionNode = FALSE
	EndGlobalSection
	GlobalSection(ExtensibilityGlobals) = postSolution
		SolutionGuid = {F002B129-3440-469B-94B9-4A43629B2569}
	EndGlobalSection
EndGlobal
