
Microsoft Visual Studio Solution File, Format Version 12.00
# Visual Studio Version 16
VisualStudioVersion = 16.0.29728.190
MinimumVisualStudioVersion = 10.0.40219.1
Project("{FAE04EC0-301F-11D3-BF4B-00C04F79EFBC}") = "ReverseInteger", "ReverseInteger.csproj", "{326E083F-8598-41B9-925E-71C7DE7FBB5C}"
EndProject
Global
	GlobalSection(SolutionConfigurationPlatforms) = preSolution
		Debug|Any CPU = Debug|Any CPU
		Release|Any CPU = Release|Any CPU
	EndGlobalSection
	GlobalSection(ProjectConfigurationPlatforms) = postSolution
		{326E083F-8598-41B9-925E-71C7DE7FBB5C}.Debug|Any CPU.ActiveCfg = Debug|Any CPU
		{326E083F-8598-41B9-925E-71C7DE7FBB5C}.Debug|Any CPU.Build.0 = Debug|Any CPU
		{326E083F-8598-41B9-925E-71C7DE7FBB5C}.Release|Any CPU.ActiveCfg = Release|Any CPU
		{326E083F-8598-41B9-925E-71C7DE7FBB5C}.Release|Any CPU.Build.0 = Release|Any CPU
	EndGlobalSection
	GlobalSection(SolutionProperties) = preSolution
		HideSolutionNode = FALSE
	EndGlobalSection
	GlobalSection(ExtensibilityGlobals) = postSolution
		SolutionGuid = {809372ED-E4EC-44D8-9368-3433E7260D07}
	EndGlobalSection
EndGlobal
